
Microsoft Visual Studio Solution File, Format Version 12.00
# Visual Studio Version 17
VisualStudioVersion = 17.8.34330.188
MinimumVisualStudioVersion = 10.0.40219.1
Project("{8BC9CEB8-8B4A-11D0-8D11-00A0C91BC942}") = "Machine Learning Math CUDA", "Machine Learning Math CUDA\Machine Learning Math CUDA.vcxproj", "{577A1573-AD16-40DA-9516-BE4BFD0C12ED}"
EndProject
Global
	GlobalSection(SolutionConfigurationPlatforms) = preSolution
		Debug|x64 = Debug|x64
		Release|x64 = Release|x64
	EndGlobalSection
	GlobalSection(ProjectConfigurationPlatforms) = postSolution
		{577A1573-AD16-40DA-9516-BE4BFD0C12ED}.Debug|x64.ActiveCfg = Debug|x64
		{577A1573-AD16-40DA-9516-BE4BFD0C12ED}.Debug|x64.Build.0 = Debug|x64
		{577A1573-AD16-40DA-9516-BE4BFD0C12ED}.Release|x64.ActiveCfg = Release|x64
		{577A1573-AD16-40DA-9516-BE4BFD0C12ED}.Release|x64.Build.0 = Release|x64
	EndGlobalSection
	GlobalSection(SolutionProperties) = preSolution
		HideSolutionNode = FALSE
	EndGlobalSection
	GlobalSection(ExtensibilityGlobals) = postSolution
		SolutionGuid = {79D83BBA-D99F-4980-BB03-A15AE21EA0C6}
	EndGlobalSection
EndGlobal
